{
  "name": "comment-parser-tests",
  "version": "1.0.0",
  "lockfileVersion": 1,
  "requires": true,
  "dependencies": {
    "@microsoft/tsdoc": {
      "version": "0.13.2",
      "resolved": "https://registry.npmjs.org/@microsoft/tsdoc/-/tsdoc-0.13.2.tgz",
      "integrity": "sha512-WrHvO8PDL8wd8T2+zBGKrMwVL5IyzR3ryWUsl0PXgEV0QHup4mTLi0QcATefGI6Gx9Anu7vthPyyyLpY0EpiQg==",
      "dev": true
    }
  }
}
