# THIS IS AN AUTOGENERATED FILE. DO NOT EDIT THIS FILE DIRECTLY.
# yarn lockfile v1


"@babel/code-frame@^7.12.13":
  version "7.12.13"
  resolved "https://registry.yarnpkg.com/@babel/code-frame/-/code-frame-7.12.13.tgz#dcfc826beef65e75c50e21d3837d7d95798dd658"
  integrity sha512-HV1Cm0Q3ZrpCR93tkWOYiuYIgLxZXZFVG2VgK+MBWjUqZTundupbfx2aXarXuw5Ko5aMcjtJgbSs4vUGBS5v6g==
  dependencies:
    "@babel/highlight" "^7.12.13"

"@babel/compat-data@^7.14.4":
  version "7.14.4"
  resolved "https://registry.yarnpkg.com/@babel/compat-data/-/compat-data-7.14.4.tgz#45720fe0cecf3fd42019e1d12cc3d27fadc98d58"
  integrity sha512-i2wXrWQNkH6JplJQGn3Rd2I4Pij8GdHkXwHMxm+zV5YG/Jci+bCNrWZEWC4o+umiDkRrRs4dVzH3X4GP7vyjQQ==

"@babel/core@^7.12.13":
  version "7.14.3"
  resolved "https://registry.yarnpkg.com/@babel/core/-/core-7.14.3.tgz#5395e30405f0776067fbd9cf0884f15bfb770a38"
  integrity sha512-jB5AmTKOCSJIZ72sd78ECEhuPiDMKlQdDI/4QRI6lzYATx5SSogS1oQA2AoPecRCknm30gHi2l+QVvNUu3wZAg==
  dependencies:
    "@babel/code-frame" "^7.12.13"
    "@babel/generator" "^7.14.3"
    "@babel/helper-compilation-targets" "^7.13.16"
    "@babel/helper-module-transforms" "^7.14.2"
    "@babel/helpers" "^7.14.0"
    "@babel/parser" "^7.14.3"
    "@babel/template" "^7.12.13"
    "@babel/traverse" "^7.14.2"
    "@babel/types" "^7.14.2"
    convert-source-map "^1.7.0"
    debug "^4.1.0"
    gensync "^1.0.0-beta.2"
    json5 "^2.1.2"
    semver "^6.3.0"
    source-map "^0.5.0"

"@babel/generator@^7.14.2", "@babel/generator@^7.14.3":
  version "7.14.3"
  resolved "https://registry.yarnpkg.com/@babel/generator/-/generator-7.14.3.tgz#0c2652d91f7bddab7cccc6ba8157e4f40dcedb91"
  integrity sha512-bn0S6flG/j0xtQdz3hsjJ624h3W0r3llttBMfyHX3YrZ/KtLYr15bjA0FXkgW7FpvrDuTuElXeVjiKlYRpnOFA==
  dependencies:
    "@babel/types" "^7.14.2"
    jsesc "^2.5.1"
    source-map "^0.5.0"

"@babel/helper-compilation-targets@^7.13.16":
  version "7.14.4"
  resolved "https://registry.yarnpkg.com/@babel/helper-compilation-targets/-/helper-compilation-targets-7.14.4.tgz#33ebd0ffc34248051ee2089350a929ab02f2a516"
  integrity sha512-JgdzOYZ/qGaKTVkn5qEDV/SXAh8KcyUVkCoSWGN8T3bwrgd6m+/dJa2kVGi6RJYJgEYPBdZ84BZp9dUjNWkBaA==
  dependencies:
    "@babel/compat-data" "^7.14.4"
    "@babel/helper-validator-option" "^7.12.17"
    browserslist "^4.16.6"
    semver "^6.3.0"

"@babel/helper-function-name@^7.14.2":
  version "7.14.2"
  resolved "https://registry.yarnpkg.com/@babel/helper-function-name/-/helper-function-name-7.14.2.tgz#397688b590760b6ef7725b5f0860c82427ebaac2"
  integrity sha512-NYZlkZRydxw+YT56IlhIcS8PAhb+FEUiOzuhFTfqDyPmzAhRge6ua0dQYT/Uh0t/EDHq05/i+e5M2d4XvjgarQ==
  dependencies:
    "@babel/helper-get-function-arity" "^7.12.13"
    "@babel/template" "^7.12.13"
    "@babel/types" "^7.14.2"

"@babel/helper-get-function-arity@^7.12.13":
  version "7.12.13"
  resolved "https://registry.yarnpkg.com/@babel/helper-get-function-arity/-/helper-get-function-arity-7.12.13.tgz#bc63451d403a3b3082b97e1d8b3fe5bd4091e583"
  integrity sha512-DjEVzQNz5LICkzN0REdpD5prGoidvbdYk1BVgRUOINaWJP2t6avB27X1guXK1kXNrX0WMfsrm1A/ZBthYuIMQg==
  dependencies:
    "@babel/types" "^7.12.13"

"@babel/helper-member-expression-to-functions@^7.13.12":
  version "7.13.12"
  resolved "https://registry.yarnpkg.com/@babel/helper-member-expression-to-functions/-/helper-member-expression-to-functions-7.13.12.tgz#dfe368f26d426a07299d8d6513821768216e6d72"
  integrity sha512-48ql1CLL59aKbU94Y88Xgb2VFy7a95ykGRbJJaaVv+LX5U8wFpLfiGXJJGUozsmA1oEh/o5Bp60Voq7ACyA/Sw==
  dependencies:
    "@babel/types" "^7.13.12"

"@babel/helper-module-imports@^7.13.12":
  version "7.13.12"
  resolved "https://registry.yarnpkg.com/@babel/helper-module-imports/-/helper-module-imports-7.13.12.tgz#c6a369a6f3621cb25da014078684da9196b61977"
  integrity sha512-4cVvR2/1B693IuOvSI20xqqa/+bl7lqAMR59R4iu39R9aOX8/JoYY1sFaNvUMyMBGnHdwvJgUrzNLoUZxXypxA==
  dependencies:
    "@babel/types" "^7.13.12"

"@babel/helper-module-transforms@^7.14.2":
  version "7.14.2"
  resolved "https://registry.yarnpkg.com/@babel/helper-module-transforms/-/helper-module-transforms-7.14.2.tgz#ac1cc30ee47b945e3e0c4db12fa0c5389509dfe5"
  integrity sha512-OznJUda/soKXv0XhpvzGWDnml4Qnwp16GN+D/kZIdLsWoHj05kyu8Rm5kXmMef+rVJZ0+4pSGLkeixdqNUATDA==
  dependencies:
    "@babel/helper-module-imports" "^7.13.12"
    "@babel/helper-replace-supers" "^7.13.12"
    "@babel/helper-simple-access" "^7.13.12"
    "@babel/helper-split-export-declaration" "^7.12.13"
    "@babel/helper-validator-identifier" "^7.14.0"
    "@babel/template" "^7.12.13"
    "@babel/traverse" "^7.14.2"
    "@babel/types" "^7.14.2"

"@babel/helper-optimise-call-expression@^7.12.13":
  version "7.12.13"
  resolved "https://registry.yarnpkg.com/@babel/helper-optimise-call-expression/-/helper-optimise-call-expression-7.12.13.tgz#5c02d171b4c8615b1e7163f888c1c81c30a2aaea"
  integrity sha512-BdWQhoVJkp6nVjB7nkFWcn43dkprYauqtk++Py2eaf/GRDFm5BxRqEIZCiHlZUGAVmtwKcsVL1dC68WmzeFmiA==
  dependencies:
    "@babel/types" "^7.12.13"

"@babel/helper-plugin-utils@^7.12.13", "@babel/helper-plugin-utils@^7.13.0":
  version "7.13.0"
  resolved "https://registry.yarnpkg.com/@babel/helper-plugin-utils/-/helper-plugin-utils-7.13.0.tgz#806526ce125aed03373bc416a828321e3a6a33af"
  integrity sha512-ZPafIPSwzUlAoWT8DKs1W2VyF2gOWthGd5NGFMsBcMMol+ZhK+EQY/e6V96poa6PA/Bh+C9plWN0hXO1uB8AfQ==

"@babel/helper-replace-supers@^7.13.12":
  version "7.14.4"
  resolved "https://registry.yarnpkg.com/@babel/helper-replace-supers/-/helper-replace-supers-7.14.4.tgz#b2ab16875deecfff3ddfcd539bc315f72998d836"
  integrity sha512-zZ7uHCWlxfEAAOVDYQpEf/uyi1dmeC7fX4nCf2iz9drnCwi1zvwXL3HwWWNXUQEJ1k23yVn3VbddiI9iJEXaTQ==
  dependencies:
    "@babel/helper-member-expression-to-functions" "^7.13.12"
    "@babel/helper-optimise-call-expression" "^7.12.13"
    "@babel/traverse" "^7.14.2"
    "@babel/types" "^7.14.4"

"@babel/helper-simple-access@^7.13.12":
  version "7.13.12"
  resolved "https://registry.yarnpkg.com/@babel/helper-simple-access/-/helper-simple-access-7.13.12.tgz#dd6c538afb61819d205a012c31792a39c7a5eaf6"
  integrity sha512-7FEjbrx5SL9cWvXioDbnlYTppcZGuCY6ow3/D5vMggb2Ywgu4dMrpTJX0JdQAIcRRUElOIxF3yEooa9gUb9ZbA==
  dependencies:
    "@babel/types" "^7.13.12"

"@babel/helper-split-export-declaration@^7.12.13":
  version "7.12.13"
  resolved "https://registry.yarnpkg.com/@babel/helper-split-export-declaration/-/helper-split-export-declaration-7.12.13.tgz#e9430be00baf3e88b0e13e6f9d4eaf2136372b05"
  integrity sha512-tCJDltF83htUtXx5NLcaDqRmknv652ZWCHyoTETf1CXYJdPC7nohZohjUgieXhv0hTJdRf2FjDueFehdNucpzg==
  dependencies:
    "@babel/types" "^7.12.13"

"@babel/helper-validator-identifier@^7.14.0":
  version "7.14.0"
  resolved "https://registry.yarnpkg.com/@babel/helper-validator-identifier/-/helper-validator-identifier-7.14.0.tgz#d26cad8a47c65286b15df1547319a5d0bcf27288"
  integrity sha512-V3ts7zMSu5lfiwWDVWzRDGIN+lnCEUdaXgtVHJgLb1rGaA6jMrtB9EmE7L18foXJIE8Un/A/h6NJfGQp/e1J4A==

"@babel/helper-validator-option@^7.12.17":
  version "7.12.17"
  resolved "https://registry.yarnpkg.com/@babel/helper-validator-option/-/helper-validator-option-7.12.17.tgz#d1fbf012e1a79b7eebbfdc6d270baaf8d9eb9831"
  integrity sha512-TopkMDmLzq8ngChwRlyjR6raKD6gMSae4JdYDB8bByKreQgG0RBTuKe9LRxW3wFtUnjxOPRKBDwEH6Mg5KeDfw==

"@babel/helpers@^7.14.0":
  version "7.14.0"
  resolved "https://registry.yarnpkg.com/@babel/helpers/-/helpers-7.14.0.tgz#ea9b6be9478a13d6f961dbb5f36bf75e2f3b8f62"
  integrity sha512-+ufuXprtQ1D1iZTO/K9+EBRn+qPWMJjZSw/S0KlFrxCw4tkrzv9grgpDHkY9MeQTjTY8i2sp7Jep8DfU6tN9Mg==
  dependencies:
    "@babel/template" "^7.12.13"
    "@babel/traverse" "^7.14.0"
    "@babel/types" "^7.14.0"

"@babel/highlight@^7.12.13":
  version "7.14.0"
  resolved "https://registry.yarnpkg.com/@babel/highlight/-/highlight-7.14.0.tgz#3197e375711ef6bf834e67d0daec88e4f46113cf"
  integrity sha512-YSCOwxvTYEIMSGaBQb5kDDsCopDdiUGsqpatp3fOlI4+2HQSkTmEVWnVuySdAC5EWCqSWWTv0ib63RjR7dTBdg==
  dependencies:
    "@babel/helper-validator-identifier" "^7.14.0"
    chalk "^2.0.0"
    js-tokens "^4.0.0"

"@babel/parser@^7.12.13", "@babel/parser@^7.14.2", "@babel/parser@^7.14.3":
  version "7.14.4"
  resolved "https://registry.yarnpkg.com/@babel/parser/-/parser-7.14.4.tgz#a5c560d6db6cd8e6ed342368dea8039232cbab18"
  integrity sha512-ArliyUsWDUqEGfWcmzpGUzNfLxTdTp6WU4IuP6QFSp9gGfWS6boxFCkJSJ/L4+RG8z/FnIU3WxCk6hPL9SSWeA==

"@babel/plugin-transform-react-jsx-self@^7.12.13":
  version "7.12.13"
  resolved "https://registry.yarnpkg.com/@babel/plugin-transform-react-jsx-self/-/plugin-transform-react-jsx-self-7.12.13.tgz#422d99d122d592acab9c35ea22a6cfd9bf189f60"
  integrity sha512-FXYw98TTJ125GVCCkFLZXlZ1qGcsYqNQhVBQcZjyrwf8FEUtVfKIoidnO8S0q+KBQpDYNTmiGo1gn67Vti04lQ==
  dependencies:
    "@babel/helper-plugin-utils" "^7.12.13"

"@babel/plugin-transform-react-jsx-source@^7.12.13":
  version "7.14.2"
  resolved "https://registry.yarnpkg.com/@babel/plugin-transform-react-jsx-source/-/plugin-transform-react-jsx-source-7.14.2.tgz#2620b57e7de775c0687f65d464026d15812941da"
  integrity sha512-OMorspVyjxghAjzgeAWc6O7W7vHbJhV69NeTGdl9Mxgz6PaweAuo7ffB9T5A1OQ9dGcw0As4SYMUhyNC4u7mVg==
  dependencies:
    "@babel/helper-plugin-utils" "^7.13.0"

"@babel/runtime@^7.10.2", "@babel/runtime@^7.3.1", "@babel/runtime@^7.5.5", "@babel/runtime@^7.8.3", "@babel/runtime@^7.8.7":
  version "7.14.0"
  resolved "https://registry.yarnpkg.com/@babel/runtime/-/runtime-7.14.0.tgz#46794bc20b612c5f75e62dd071e24dfd95f1cbe6"
  integrity sha512-JELkvo/DlpNdJ7dlyw/eY7E0suy5i5GQH+Vlxaq1nsNJ+H7f4Vtv3jMeCEgRhZZQFXTjldYfQgv2qmM6M1v5wA==
  dependencies:
    regenerator-runtime "^0.13.4"

"@babel/template@^7.12.13":
  version "7.12.13"
  resolved "https://registry.yarnpkg.com/@babel/template/-/template-7.12.13.tgz#530265be8a2589dbb37523844c5bcb55947fb327"
  integrity sha512-/7xxiGA57xMo/P2GVvdEumr8ONhFOhfgq2ihK3h1e6THqzTAkHbkXgB0xI9yeTfIUoH3+oAeHhqm/I43OTbbjA==
  dependencies:
    "@babel/code-frame" "^7.12.13"
    "@babel/parser" "^7.12.13"
    "@babel/types" "^7.12.13"

"@babel/traverse@^7.14.0", "@babel/traverse@^7.14.2":
  version "7.14.2"
  resolved "https://registry.yarnpkg.com/@babel/traverse/-/traverse-7.14.2.tgz#9201a8d912723a831c2679c7ebbf2fe1416d765b"
  integrity sha512-TsdRgvBFHMyHOOzcP9S6QU0QQtjxlRpEYOy3mcCO5RgmC305ki42aSAmfZEMSSYBla2oZ9BMqYlncBaKmD/7iA==
  dependencies:
    "@babel/code-frame" "^7.12.13"
    "@babel/generator" "^7.14.2"
    "@babel/helper-function-name" "^7.14.2"
    "@babel/helper-split-export-declaration" "^7.12.13"
    "@babel/parser" "^7.14.2"
    "@babel/types" "^7.14.2"
    debug "^4.1.0"
    globals "^11.1.0"

"@babel/types@^7.12.13", "@babel/types@^7.13.12", "@babel/types@^7.14.0", "@babel/types@^7.14.2", "@babel/types@^7.14.4":
  version "7.14.4"
  resolved "https://registry.yarnpkg.com/@babel/types/-/types-7.14.4.tgz#bfd6980108168593b38b3eb48a24aa026b919bc0"
  integrity sha512-lCj4aIs0xUefJFQnwwQv2Bxg7Omd6bgquZ6LGC+gGMh6/s5qDVfjuCMlDmYQ15SLsWHd9n+X3E75lKIhl5Lkiw==
  dependencies:
    "@babel/helper-validator-identifier" "^7.14.0"
    to-fast-properties "^2.0.0"

"@emotion/is-prop-valid@^0.7.3":
  version "0.7.3"
  resolved "https://registry.yarnpkg.com/@emotion/is-prop-valid/-/is-prop-valid-0.7.3.tgz#a6bf4fa5387cbba59d44e698a4680f481a8da6cc"
  integrity sha512-uxJqm/sqwXw3YPA5GXX365OBcJGFtxUVkB6WyezqFHlNe9jqUWH5ur2O2M8dGBz61kn1g3ZBlzUunFQXQIClhA==
  dependencies:
    "@emotion/memoize" "0.7.1"

"@emotion/memoize@0.7.1":
  version "0.7.1"
  resolved "https://registry.yarnpkg.com/@emotion/memoize/-/memoize-0.7.1.tgz#e93c13942592cf5ef01aa8297444dc192beee52f"
  integrity sha512-Qv4LTqO11jepd5Qmlp3M1YEjBumoTHcHFdgPTQ+sFlIL5myi/7xu/POwP7IRu6odBdmLXdtIs1D6TuW6kbwbbg==

"@mantine/core@^1.3.1":
  version "1.3.1"
  resolved "https://registry.yarnpkg.com/@mantine/core/-/core-1.3.1.tgz#9eff042e7a4866e60edeaadc67d9bd96426fbdb5"
  integrity sha512-qcGwyAmUw6bYsNwfBtQ5KcOD3Orfu/3zq8cYETb3JN5QGRGEyzQW9FcxBODYC70KmBYYovNNdyZqOPM3UZ8uLg==
  dependencies:
    clsx "^1.1.1"
    react-textarea-autosize "^8.3.2"
    react-transition-group "^4.4.2"

"@mantine/hooks@^1.3.1":
  version "1.3.1"
  resolved "https://registry.yarnpkg.com/@mantine/hooks/-/hooks-1.3.1.tgz#4e6908cb6085088b4f476f70f888e83499b4c95b"
  integrity sha512-vE5Wk6XQXgOjg0MqWA8vl2zLlG+xcrfikV6jyCJQkPHyxKFYGv25XG1A+Egxa6vXakseCIBG1ERY0iDFkcQi0A==

"@modulz/radix-icons@^4.0.0":
  version "4.0.0"
  resolved "https://registry.yarnpkg.com/@modulz/radix-icons/-/radix-icons-4.0.0.tgz#628a7826a4569dd2e3331e266d8d2e26c7d6753c"
  integrity sha512-d79T4cYvMGMocVC/q1WiMO578FPFfUoxmXIkduc8cUQAPDr7thuEV5HrCHhqqqkoVaYD0QPct180ilcNUyGPrg==

"@types/prop-types@*":
  version "15.7.3"
  resolved "https://registry.yarnpkg.com/@types/prop-types/-/prop-types-15.7.3.tgz#2ab0d5da2e5815f94b0b9d4b95d1e5f243ab2ca7"
  integrity sha512-KfRL3PuHmqQLOG+2tGpRO26Ctg+Cq1E01D2DMriKEATHgWLfeNDmq9e29Q9WIky0dQ3NPkd1mzYH8Lm936Z9qw==

"@types/react-dom@^17.0.0":
  version "17.0.6"
  resolved "https://registry.yarnpkg.com/@types/react-dom/-/react-dom-17.0.6.tgz#c158325cf91b196270bc0f4af73463f149e7eafe"
  integrity sha512-MGTI+TudxAnGTj8aco8mogaPSJGK2Whje7OZh1CxNLRyhJpTZg/pGQpIbCT0eCVFQyH7UFpdvCqQEThHIp/gsA==
  dependencies:
    "@types/react" "*"

"@types/react@*", "@types/react@^17.0.0":
  version "17.0.9"
  resolved "https://registry.yarnpkg.com/@types/react/-/react-17.0.9.tgz#1147fb520024a62c9b3841f5cb4db89b73ddb87f"
  integrity sha512-2Cw7FvevpJxQrCb+k5t6GH1KIvmadj5uBbjPaLlJB/nZWUj56e1ZqcD6zsoMFB47MsJUTFl9RJ132A7hb3QFJA==
  dependencies:
    "@types/prop-types" "*"
    "@types/scheduler" "*"
    csstype "^3.0.2"

"@types/scheduler@*":
  version "0.16.1"
  resolved "https://registry.yarnpkg.com/@types/scheduler/-/scheduler-0.16.1.tgz#18845205e86ff0038517aab7a18a62a6b9f71275"
  integrity sha512-EaCxbanVeyxDRTQBkdLb3Bvl/HK7PBK6UJjsSixB0iHKoWxE5uu2Q/DgtpOhPIojN0Zl1whvOd7PoHs2P0s5eA==

"@vitejs/plugin-react-refresh@^1.3.1":
  version "1.3.3"
  resolved "https://registry.yarnpkg.com/@vitejs/plugin-react-refresh/-/plugin-react-refresh-1.3.3.tgz#d5afb3e0463f368a8afadfdd7305fe5c5fe78a6a"
  integrity sha512-J3KFwSQKrEK7fgOwTx0PMTlsolZORUch6BswjsM50q+Y7zSvX1ROIRn+tK2VE8SCvbYRHtzEKFlYW3vsWyTosQ==
  dependencies:
    "@babel/core" "^7.12.13"
    "@babel/plugin-transform-react-jsx-self" "^7.12.13"
    "@babel/plugin-transform-react-jsx-source" "^7.12.13"
    react-refresh "^0.9.0"

ansi-styles@^3.2.1:
  version "3.2.1"
  resolved "https://registry.yarnpkg.com/ansi-styles/-/ansi-styles-3.2.1.tgz#41fbb20243e50b12be0f04b8dedbf07520ce841d"
  integrity sha512-VT0ZI6kZRdTh8YyJw3SMbYm/u+NqfsAxEpWO0Pf9sq8/e94WxxOpPKx9FR1FlyCtOVDNOQ+8ntlqFxiRc+r5qA==
  dependencies:
    color-convert "^1.9.0"

browserslist@^4.16.6:
  version "4.16.6"
  resolved "https://registry.yarnpkg.com/browserslist/-/browserslist-4.16.6.tgz#d7901277a5a88e554ed305b183ec9b0c08f66fa2"
  integrity sha512-Wspk/PqO+4W9qp5iUTJsa1B/QrYn1keNCcEP5OvP7WBwT4KaDly0uONYmC6Xa3Z5IqnUgS0KcgLYu1l74x0ZXQ==
  dependencies:
    caniuse-lite "^1.0.30001219"
    colorette "^1.2.2"
    electron-to-chromium "^1.3.723"
    escalade "^3.1.1"
    node-releases "^1.1.71"

caniuse-lite@^1.0.30001219:
  version "1.0.30001234"
  resolved "https://registry.yarnpkg.com/caniuse-lite/-/caniuse-lite-1.0.30001234.tgz#8fc2e709e3b0679d7af7f073a1c661155c39b975"
  integrity sha512-a3gjUVKkmwLdNysa1xkUAwN2VfJUJyVW47rsi3aCbkRCtbHAfo+rOsCqVw29G6coQ8gzAPb5XBXwiGHwme3isA==

chalk@^2.0.0:
  version "2.4.2"
  resolved "https://registry.yarnpkg.com/chalk/-/chalk-2.4.2.tgz#cd42541677a54333cf541a49108c1432b44c9424"
  integrity sha512-Mti+f9lpJNcwF4tWV8/OrTTtF1gZi+f8FqlyAdouralcFWFQWF2+NgCHShjkCb+IFBLq9buZwE1xckQU4peSuQ==
  dependencies:
    ansi-styles "^3.2.1"
    escape-string-regexp "^1.0.5"
    supports-color "^5.3.0"

clsx@^1.1.1:
  version "1.1.1"
  resolved "https://registry.yarnpkg.com/clsx/-/clsx-1.1.1.tgz#98b3134f9abbdf23b2663491ace13c5c03a73188"
  integrity sha512-6/bPho624p3S2pMyvP5kKBPXnI3ufHLObBFCfgx+LkeR5lg2XYy2hqZqUf45ypD8COn2bhgGJSUE+l5dhNBieA==

color-convert@^1.9.0:
  version "1.9.3"
  resolved "https://registry.yarnpkg.com/color-convert/-/color-convert-1.9.3.tgz#bb71850690e1f136567de629d2d5471deda4c1e8"
  integrity sha512-QfAUtd+vFdAtFQcC8CCyYt1fYWxSqAiK2cSD6zDB8N3cpsEBAvRxp9zOGg6G/SHHJYAT88/az/IuDGALsNVbGg==
  dependencies:
    color-name "1.1.3"

color-name@1.1.3:
  version "1.1.3"
  resolved "https://registry.yarnpkg.com/color-name/-/color-name-1.1.3.tgz#a7d0558bd89c42f795dd42328f740831ca53bc25"
  integrity sha1-p9BVi9icQveV3UIyj3QIMcpTvCU=

colorette@^1.2.2:
  version "1.2.2"
  resolved "https://registry.yarnpkg.com/colorette/-/colorette-1.2.2.tgz#cbcc79d5e99caea2dbf10eb3a26fd8b3e6acfa94"
  integrity sha512-MKGMzyfeuutC/ZJ1cba9NqcNpfeqMUcYmyF1ZFY6/Cn7CNSAKx6a+s48sqLqyAiZuaP2TcqMhoo+dlwFnVxT9w==

convert-source-map@^1.7.0:
  version "1.7.0"
  resolved "https://registry.yarnpkg.com/convert-source-map/-/convert-source-map-1.7.0.tgz#17a2cb882d7f77d3490585e2ce6c524424a3a442"
  integrity sha512-4FJkXzKXEDB1snCFZlLP4gpC3JILicCpGbzG9f9G7tGqGCzETQ2hWPrcinA9oU4wtf2biUaEH5065UnMeR33oA==
  dependencies:
    safe-buffer "~5.1.1"

css-jss@10.6.0:
  version "10.6.0"
  resolved "https://registry.yarnpkg.com/css-jss/-/css-jss-10.6.0.tgz#db5de90a4b53ca05d7e1c6bcec0c1ba8f1c1bcea"
  integrity sha512-4SE0tWggVM6Y4UTcKMoZXFBuhzycY6fKEdONr7wn89SIFd4eXiUZ0f5f4tLwXyFOW2q13JReXp8n9vSLKp48/g==
  dependencies:
    "@babel/runtime" "^7.3.1"
    jss "10.6.0"
    jss-preset-default "10.6.0"

css-vendor@^2.0.8:
  version "2.0.8"
  resolved "https://registry.yarnpkg.com/css-vendor/-/css-vendor-2.0.8.tgz#e47f91d3bd3117d49180a3c935e62e3d9f7f449d"
  integrity sha512-x9Aq0XTInxrkuFeHKbYC7zWY8ai7qJ04Kxd9MnvbC1uO5DagxoHQjm4JvG+vCdXOoFtCjbL2XSZfxmoYa9uQVQ==
  dependencies:
    "@babel/runtime" "^7.8.3"
    is-in-browser "^1.0.2"

csstype@^3.0.2:
  version "3.0.8"
  resolved "https://registry.yarnpkg.com/csstype/-/csstype-3.0.8.tgz#d2266a792729fb227cd216fb572f43728e1ad340"
  integrity sha512-jXKhWqXPmlUeoQnF/EhTtTl4C9SnrxSH/jZUih3jmO6lBKr99rP3/+FmrMj4EFpOXzMtXHAZkd3x0E6h6Fgflw==

debug@^4.1.0:
  version "4.3.1"
  resolved "https://registry.yarnpkg.com/debug/-/debug-4.3.1.tgz#f0d229c505e0c6d8c49ac553d1b13dc183f6b2ee"
  integrity sha512-doEwdvm4PCeK4K3RQN2ZC2BYUBaxwLARCqZmMjtF8a51J2Rb0xpVloFRnCODwqjpwnAoao4pelN8l3RJdv3gRQ==
  dependencies:
    ms "2.1.2"

dom-helpers@^5.0.1:
  version "5.2.1"
  resolved "https://registry.yarnpkg.com/dom-helpers/-/dom-helpers-5.2.1.tgz#d9400536b2bf8225ad98fe052e029451ac40e902"
  integrity sha512-nRCa7CK3VTrM2NmGkIy4cbK7IZlgBE/PYMn55rrXefr5xXDP0LdtfPnblFDoVdcAfslJ7or6iqAUnx0CCGIWQA==
  dependencies:
    "@babel/runtime" "^7.8.7"
    csstype "^3.0.2"

electron-to-chromium@^1.3.723:
  version "1.3.748"
  resolved "https://registry.yarnpkg.com/electron-to-chromium/-/electron-to-chromium-1.3.748.tgz#16638a8130f407ae5bf2fc168f2173574deb36c5"
  integrity sha512-fmIKfYALVeEybk/L2ucdgt7jN3JsbGtg3K9pmF/MRWgkeADBI1VSAa5IzdG2gZwTxsnsrFtdMpOTSM5mrBRKVQ==

esbuild@^0.12.5:
  version "0.12.5"
  resolved "https://registry.yarnpkg.com/esbuild/-/esbuild-0.12.5.tgz#36076a6bc1966ba2741981d30512e95e8aaff495"
  integrity sha512-vcuP53pA5XiwUU4FnlXM+2PnVjTfHGthM7uP1gtp+9yfheGvFFbq/KyuESThmtoHPUrfZH5JpxGVJIFDVD1Egw==

escalade@^3.1.1:
  version "3.1.1"
  resolved "https://registry.yarnpkg.com/escalade/-/escalade-3.1.1.tgz#d8cfdc7000965c5a0174b4a82eaa5c0552742e40"
  integrity sha512-k0er2gUkLf8O0zKJiAhmkTnJlTvINGv7ygDNPbeIsX/TJjGJZHuh9B2UxbsaEkmlEo9MfhrSzmhIlhRlI2GXnw==

escape-string-regexp@^1.0.5:
  version "1.0.5"
  resolved "https://registry.yarnpkg.com/escape-string-regexp/-/escape-string-regexp-1.0.5.tgz#1b61c0562190a8dff6ae3bb2cf0200ca130b86d4"
  integrity sha1-G2HAViGQqN/2rjuyzwIAyhMLhtQ=

fsevents@~2.3.1:
  version "2.3.2"
  resolved "https://registry.yarnpkg.com/fsevents/-/fsevents-2.3.2.tgz#8a526f78b8fdf4623b709e0b975c52c24c02fd1a"
  integrity sha512-xiqMQR4xAeHTuB9uWm+fFRcIOgKBMiOBP+eXiyT7jsgVCq1bkVygt00oASowB7EdtpOHaaPgKt812P9ab+DDKA==

function-bind@^1.1.1:
  version "1.1.1"
  resolved "https://registry.yarnpkg.com/function-bind/-/function-bind-1.1.1.tgz#a56899d3ea3c9bab874bb9773b7c5ede92f4895d"
  integrity sha512-yIovAzMX49sF8Yl58fSCWJ5svSLuaibPxXQJFLmBObTuCr0Mf1KiPopGM9NiFjiYBCbfaa2Fh6breQ6ANVTI0A==

gensync@^1.0.0-beta.2:
  version "1.0.0-beta.2"
  resolved "https://registry.yarnpkg.com/gensync/-/gensync-1.0.0-beta.2.tgz#32a6ee76c3d7f52d46b2b1ae5d93fea8580a25e0"
  integrity sha512-3hN7NaskYvMDLQY55gnW3NQ+mesEAepTqlg+VEbj7zzqEMBVNhzcGYYeqFo/TlYz6eQiFcp1HcsCZO+nGgS8zg==

globals@^11.1.0:
  version "11.12.0"
  resolved "https://registry.yarnpkg.com/globals/-/globals-11.12.0.tgz#ab8795338868a0babd8525758018c2a7eb95c42e"
  integrity sha512-WOBp/EEGUiIsJSp7wcv/y6MO+lV9UoncWqxuFfm8eBwzWNgyfBd6Gz+IeKQ9jCmyhoH99g15M3T+QaVHFjizVA==

has-flag@^3.0.0:
  version "3.0.0"
  resolved "https://registry.yarnpkg.com/has-flag/-/has-flag-3.0.0.tgz#b5d454dc2199ae225699f3467e5a07f3b955bafd"
  integrity sha1-tdRU3CGZriJWmfNGfloH87lVuv0=

has@^1.0.3:
  version "1.0.3"
  resolved "https://registry.yarnpkg.com/has/-/has-1.0.3.tgz#722d7cbfc1f6aa8241f16dd814e011e1f41e8796"
  integrity sha512-f2dvO0VU6Oej7RkWJGrehjbzMAjFp5/VKPp5tTpWIV4JHHZK1/BxbFRtf/siA2SWTe09caDmVtYYzWEIbBS4zw==
  dependencies:
    function-bind "^1.1.1"

hoist-non-react-statics@^3.2.0, hoist-non-react-statics@^3.3.0:
  version "3.3.2"
  resolved "https://registry.yarnpkg.com/hoist-non-react-statics/-/hoist-non-react-statics-3.3.2.tgz#ece0acaf71d62c2969c2ec59feff42a4b1a85b45"
  integrity sha512-/gGivxi8JPKWNm/W0jSmzcMPpfpPLc3dY/6GxhX2hQ9iGj3aDfklV4ET7NjKpSinLpJ5vafa9iiGIEZg10SfBw==
  dependencies:
    react-is "^16.7.0"

hyphenate-style-name@^1.0.3:
  version "1.0.4"
  resolved "https://registry.yarnpkg.com/hyphenate-style-name/-/hyphenate-style-name-1.0.4.tgz#691879af8e220aea5750e8827db4ef62a54e361d"
  integrity sha512-ygGZLjmXfPHj+ZWh6LwbC37l43MhfztxetbFCoYTM2VjkIUpeHgSNn7QIyVFj7YQ1Wl9Cbw5sholVJPzWvC2MQ==

indefinite-observable@^2.0.1:
  version "2.0.1"
  resolved "https://registry.yarnpkg.com/indefinite-observable/-/indefinite-observable-2.0.1.tgz#574af29bfbc17eb5947793797bddc94c9d859400"
  integrity sha512-G8vgmork+6H9S8lUAg1gtXEj2JxIQTo0g2PbFiYOdjkziSI0F7UYBiVwhZRuixhBCNGczAls34+5HJPyZysvxQ==
  dependencies:
    symbol-observable "1.2.0"

is-core-module@^2.2.0:
  version "2.4.0"
  resolved "https://registry.yarnpkg.com/is-core-module/-/is-core-module-2.4.0.tgz#8e9fc8e15027b011418026e98f0e6f4d86305cc1"
  integrity sha512-6A2fkfq1rfeQZjxrZJGerpLCTHRNEBiSgnu0+obeJpEPZRUooHgsizvzv0ZjJwOz3iWIHdJtVWJ/tmPr3D21/A==
  dependencies:
    has "^1.0.3"

is-in-browser@^1.0.2, is-in-browser@^1.1.3:
  version "1.1.3"
  resolved "https://registry.yarnpkg.com/is-in-browser/-/is-in-browser-1.1.3.tgz#56ff4db683a078c6082eb95dad7dc62e1d04f835"
  integrity sha1-Vv9NtoOgeMYILrldrX3GLh0E+DU=

"js-tokens@^3.0.0 || ^4.0.0", js-tokens@^4.0.0:
  version "4.0.0"
  resolved "https://registry.yarnpkg.com/js-tokens/-/js-tokens-4.0.0.tgz#19203fb59991df98e3a287050d4647cdeaf32499"
  integrity sha512-RdJUflcE3cUzKiMqQgsCu06FPu9UdIJO0beYbPhHN4k6apgJtifcoCtT9bcxOpYBtpD2kCM6Sbzg4CausW/PKQ==

jsesc@^2.5.1:
  version "2.5.2"
  resolved "https://registry.yarnpkg.com/jsesc/-/jsesc-2.5.2.tgz#80564d2e483dacf6e8ef209650a67df3f0c283a4"
  integrity sha512-OYu7XEzjkCQ3C5Ps3QIZsQfNpqoJyZZA99wd9aWd05NCtC5pWOkShK2mkL6HXQR6/Cy2lbNdPlZBpuQHXE63gA==

json5@^2.1.2:
  version "2.2.0"
  resolved "https://registry.yarnpkg.com/json5/-/json5-2.2.0.tgz#2dfefe720c6ba525d9ebd909950f0515316c89a3"
  integrity sha512-f+8cldu7X/y7RAJurMEJmdoKXGB/X550w2Nr3tTbezL6RwEE/iMcm+tZnXeoZtKuOq6ft8+CqzEkrIgx1fPoQA==
  dependencies:
    minimist "^1.2.5"

jss-plugin-camel-case@10.6.0:
  version "10.6.0"
  resolved "https://registry.yarnpkg.com/jss-plugin-camel-case/-/jss-plugin-camel-case-10.6.0.tgz#93d2cd704bf0c4af70cc40fb52d74b8a2554b170"
  integrity sha512-JdLpA3aI/npwj3nDMKk308pvnhoSzkW3PXlbgHAzfx0yHWnPPVUjPhXFtLJzgKZge8lsfkUxvYSQ3X2OYIFU6A==
  dependencies:
    "@babel/runtime" "^7.3.1"
    hyphenate-style-name "^1.0.3"
    jss "10.6.0"

jss-plugin-compose@10.6.0:
  version "10.6.0"
  resolved "https://registry.yarnpkg.com/jss-plugin-compose/-/jss-plugin-compose-10.6.0.tgz#0bf058814ea9b47e87cc61f1261aab881daa403b"
  integrity sha512-zBhI5ZDVX30h4N+rPunAfbwHVDWlme0JPiLBT0TSg24aX+QhjpogZSKHv9pn23NqIdiz3aIJmrNVnJ5rwNKQKA==
  dependencies:
    "@babel/runtime" "^7.3.1"
    jss "10.6.0"
    tiny-warning "^1.0.2"

jss-plugin-default-unit@10.6.0:
  version "10.6.0"
  resolved "https://registry.yarnpkg.com/jss-plugin-default-unit/-/jss-plugin-default-unit-10.6.0.tgz#af47972486819b375f0f3a9e0213403a84b5ef3b"
  integrity sha512-7y4cAScMHAxvslBK2JRK37ES9UT0YfTIXWgzUWD5euvR+JR3q+o8sQKzBw7GmkQRfZijrRJKNTiSt1PBsLI9/w==
  dependencies:
    "@babel/runtime" "^7.3.1"
    jss "10.6.0"

jss-plugin-expand@10.6.0:
  version "10.6.0"
  resolved "https://registry.yarnpkg.com/jss-plugin-expand/-/jss-plugin-expand-10.6.0.tgz#7eabb6d14f407c38b4d6013588d6641a2e869723"
  integrity sha512-TYVfKS3l8kNaClWW3PA9AhFr9ixhBnKcdGwZDRH3WRGDmdX0RYOhpfScscRXQM1HAlqaXLRqiP+NYGCK6QBgOg==
  dependencies:
    "@babel/runtime" "^7.3.1"
    jss "10.6.0"

jss-plugin-extend@10.6.0:
  version "10.6.0"
  resolved "https://registry.yarnpkg.com/jss-plugin-extend/-/jss-plugin-extend-10.6.0.tgz#7611d5d96781b833e5b4aa3eb8599525e790143b"
  integrity sha512-eY/zKMT+aUOdHegTDzTznq8Nwsv0PEb5AyJfo8A1B9jPxzzLTGcFOl9S6JZoYRxMh9TWxA5lOULMIjgKAKzUcQ==
  dependencies:
    "@babel/runtime" "^7.3.1"
    jss "10.6.0"
    tiny-warning "^1.0.2"

jss-plugin-global@10.6.0:
  version "10.6.0"
  resolved "https://registry.yarnpkg.com/jss-plugin-global/-/jss-plugin-global-10.6.0.tgz#3e8011f760f399cbadcca7f10a485b729c50e3ed"
  integrity sha512-I3w7ji/UXPi3VuWrTCbHG9rVCgB4yoBQLehGDTmsnDfXQb3r1l3WIdcO8JFp9m0YMmyy2CU7UOV6oPI7/Tmu+w==
  dependencies:
    "@babel/runtime" "^7.3.1"
    jss "10.6.0"

jss-plugin-nested@10.6.0:
  version "10.6.0"
  resolved "https://registry.yarnpkg.com/jss-plugin-nested/-/jss-plugin-nested-10.6.0.tgz#5f83c5c337d3b38004834e8426957715a0251641"
  integrity sha512-fOFQWgd98H89E6aJSNkEh2fAXquC9aZcAVjSw4q4RoQ9gU++emg18encR4AT4OOIFl4lQwt5nEyBBRn9V1Rk8g==
  dependencies:
    "@babel/runtime" "^7.3.1"
    jss "10.6.0"
    tiny-warning "^1.0.2"

jss-plugin-props-sort@10.6.0:
  version "10.6.0"
  resolved "https://registry.yarnpkg.com/jss-plugin-props-sort/-/jss-plugin-props-sort-10.6.0.tgz#297879f35f9fe21196448579fee37bcde28ce6bc"
  integrity sha512-oMCe7hgho2FllNc60d9VAfdtMrZPo9n1Iu6RNa+3p9n0Bkvnv/XX5San8fTPujrTBScPqv9mOE0nWVvIaohNuw==
  dependencies:
    "@babel/runtime" "^7.3.1"
    jss "10.6.0"

jss-plugin-rule-value-function@10.6.0:
  version "10.6.0"
  resolved "https://registry.yarnpkg.com/jss-plugin-rule-value-function/-/jss-plugin-rule-value-function-10.6.0.tgz#3c1a557236a139d0151e70a82c810ccce1c1c5ea"
  integrity sha512-TKFqhRTDHN1QrPTMYRlIQUOC2FFQb271+AbnetURKlGvRl/eWLswcgHQajwuxI464uZk91sPiTtdGi7r7XaWfA==
  dependencies:
    "@babel/runtime" "^7.3.1"
    jss "10.6.0"
    tiny-warning "^1.0.2"

jss-plugin-rule-value-observable@10.6.0:
  version "10.6.0"
  resolved "https://registry.yarnpkg.com/jss-plugin-rule-value-observable/-/jss-plugin-rule-value-observable-10.6.0.tgz#2b3252cc1507d0154bd9e50f4527ad8073d67b6b"
  integrity sha512-+N6S8UZ+Tu+G2Fbu/UrfLI/JyaTi/KfkPbKsVRfyg/C/IdI+p9+H67HncMIFYEi/KnNj5fqvMNSDe4ag/lqbHw==
  dependencies:
    "@babel/runtime" "^7.3.1"
    jss "10.6.0"
    symbol-observable "^1.2.0"

jss-plugin-template@10.6.0:
  version "10.6.0"
  resolved "https://registry.yarnpkg.com/jss-plugin-template/-/jss-plugin-template-10.6.0.tgz#75b1643044f3191b9d447589439053c597854704"
  integrity sha512-P3iaIR6AqTOoutwP7Y2KVCq4jShEMACrwKf8W9gsS3ppnIeBg4OCAQvLKmqunApkEoIk0711xbW9XPi9CYy3zg==
  dependencies:
    "@babel/runtime" "^7.3.1"
    jss "10.6.0"
    tiny-warning "^1.0.2"

jss-plugin-vendor-prefixer@10.6.0:
  version "10.6.0"
  resolved "https://registry.yarnpkg.com/jss-plugin-vendor-prefixer/-/jss-plugin-vendor-prefixer-10.6.0.tgz#e1fcd499352846890c38085b11dbd7aa1c4f2c78"
  integrity sha512-doJ7MouBXT1lypLLctCwb4nJ6lDYqrTfVS3LtXgox42Xz0gXusXIIDboeh6UwnSmox90QpVnub7au8ybrb0krQ==
  dependencies:
    "@babel/runtime" "^7.3.1"
    css-vendor "^2.0.8"
    jss "10.6.0"

jss-preset-default@10.6.0:
  version "10.6.0"
  resolved "https://registry.yarnpkg.com/jss-preset-default/-/jss-preset-default-10.6.0.tgz#b5471858adede57efd8d139c85dd44601b55dc94"
  integrity sha512-TuHDZiuxGLLJ/LIMLAzO5uf2PnLOCR6yF5GHQLPp59YTascmwEldJfR0tuqjKa8B2F/v708ZvzE1Dw0Ao7UIcA==
  dependencies:
    "@babel/runtime" "^7.3.1"
    jss "10.6.0"
    jss-plugin-camel-case "10.6.0"
    jss-plugin-compose "10.6.0"
    jss-plugin-default-unit "10.6.0"
    jss-plugin-expand "10.6.0"
    jss-plugin-extend "10.6.0"
    jss-plugin-global "10.6.0"
    jss-plugin-nested "10.6.0"
    jss-plugin-props-sort "10.6.0"
    jss-plugin-rule-value-function "10.6.0"
    jss-plugin-rule-value-observable "10.6.0"
    jss-plugin-template "10.6.0"
    jss-plugin-vendor-prefixer "10.6.0"

jss@10.6.0:
  version "10.6.0"
  resolved "https://registry.yarnpkg.com/jss/-/jss-10.6.0.tgz#d92ff9d0f214f65ca1718591b68e107be4774149"
  integrity sha512-n7SHdCozmxnzYGXBHe0NsO0eUf9TvsHVq2MXvi4JmTn3x5raynodDVE/9VQmBdWFyyj9HpHZ2B4xNZ7MMy7lkw==
  dependencies:
    "@babel/runtime" "^7.3.1"
    csstype "^3.0.2"
    indefinite-observable "^2.0.1"
    is-in-browser "^1.1.3"
    tiny-warning "^1.0.2"

loose-envify@^1.1.0, loose-envify@^1.4.0:
  version "1.4.0"
  resolved "https://registry.yarnpkg.com/loose-envify/-/loose-envify-1.4.0.tgz#71ee51fa7be4caec1a63839f7e682d8132d30caf"
  integrity sha512-lyuxPGr/Wfhrlem2CL/UcnUc1zcqKAImBDzukY7Y5F/yQiNdko6+fRLevlw1HgMySw7f611UIY408EtxRSoK3Q==
  dependencies:
    js-tokens "^3.0.0 || ^4.0.0"

minimist@^1.2.5:
  version "1.2.5"
  resolved "https://registry.yarnpkg.com/minimist/-/minimist-1.2.5.tgz#67d66014b66a6a8aaa0c083c5fd58df4e4e97602"
  integrity sha512-FM9nNUYrRBAELZQT3xeZQ7fmMOBg6nWNmJKTcgsJeaLstP/UODVpGsr5OhXhhXg6f+qtJ8uiZ+PUxkDWcgIXLw==

ms@2.1.2:
  version "2.1.2"
  resolved "https://registry.yarnpkg.com/ms/-/ms-2.1.2.tgz#d09d1f357b443f493382a8eb3ccd183872ae6009"
  integrity sha512-sGkPx+VjMtmA6MX27oA4FBFELFCZZ4S4XqeGOXCv68tT+jb3vk/RyaKWP0PTKyWtmLSM0b+adUTEvbs1PEaH2w==

nanoid@^3.1.23:
  version "3.1.23"
  resolved "https://registry.yarnpkg.com/nanoid/-/nanoid-3.1.23.tgz#f744086ce7c2bc47ee0a8472574d5c78e4183a81"
  integrity sha512-FiB0kzdP0FFVGDKlRLEQ1BgDzU87dy5NnzjeW9YZNt+/c3+q82EQDUwniSAUxp/F0gFNI1ZhKU1FqYsMuqZVnw==

node-releases@^1.1.71:
  version "1.1.72"
  resolved "https://registry.yarnpkg.com/node-releases/-/node-releases-1.1.72.tgz#14802ab6b1039a79a0c7d662b610a5bbd76eacbe"
  integrity sha512-LLUo+PpH3dU6XizX3iVoubUNheF/owjXCZZ5yACDxNnPtgFuludV1ZL3ayK1kVep42Rmm0+R9/Y60NQbZ2bifw==

object-assign@^4.1.1:
  version "4.1.1"
  resolved "https://registry.yarnpkg.com/object-assign/-/object-assign-4.1.1.tgz#2109adc7965887cfc05cbbd442cac8bfbb360863"
  integrity sha1-IQmtx5ZYh8/AXLvUQsrIv7s2CGM=

path-parse@^1.0.6:
  version "1.0.7"
  resolved "https://registry.yarnpkg.com/path-parse/-/path-parse-1.0.7.tgz#fbc114b60ca42b30d9daf5858e4bd68bbedb6735"
  integrity sha512-LDJzPVEEEPR+y48z93A0Ed0yXb8pAByGWo/k5YYdYgpY2/2EsOsksJrq7lOHxryrVOn1ejG6oAp8ahvOIQD8sw==

postcss@^8.2.10:
  version "8.3.0"
  resolved "https://registry.yarnpkg.com/postcss/-/postcss-8.3.0.tgz#b1a713f6172ca427e3f05ef1303de8b65683325f"
  integrity sha512-+ogXpdAjWGa+fdYY5BQ96V/6tAo+TdSSIMP5huJBIygdWwKtVoB5JWZ7yUd4xZ8r+8Kvvx4nyg/PQ071H4UtcQ==
  dependencies:
    colorette "^1.2.2"
    nanoid "^3.1.23"
    source-map-js "^0.6.2"

prop-types@^15.5.8, prop-types@^15.6.0, prop-types@^15.6.2:
  version "15.7.2"
  resolved "https://registry.yarnpkg.com/prop-types/-/prop-types-15.7.2.tgz#52c41e75b8c87e72b9d9360e0206b99dcbffa6c5"
  integrity sha512-8QQikdH7//R2vurIJSutZ1smHYTcLpRWEOlHnzcWHmBYrOGUysKwSsrC89BCiFj3CbrfJ/nXFdJepOVrY1GCHQ==
  dependencies:
    loose-envify "^1.4.0"
    object-assign "^4.1.1"
    react-is "^16.8.1"

react-display-name@^0.2.4:
  version "0.2.5"
  resolved "https://registry.yarnpkg.com/react-display-name/-/react-display-name-0.2.5.tgz#304c7cbfb59ee40389d436e1a822c17fe27936c6"
  integrity sha512-I+vcaK9t4+kypiSgaiVWAipqHRXYmZIuAiS8vzFvXHHXVigg/sMKwlRgLy6LH2i3rmP+0Vzfl5lFsFRwF1r3pg==

react-dom@^17.0.0:
  version "17.0.2"
  resolved "https://registry.yarnpkg.com/react-dom/-/react-dom-17.0.2.tgz#ecffb6845e3ad8dbfcdc498f0d0a939736502c23"
  integrity sha512-s4h96KtLDUQlsENhMn1ar8t2bEa+q/YAtj8pPPdIjPDGBDIVNsrD9aXNWqspUe6AzKCIG0C1HZZLqLV7qpOBGA==
  dependencies:
    loose-envify "^1.1.0"
    object-assign "^4.1.1"
    scheduler "^0.20.2"

react-is@^16.7.0, react-is@^16.8.1:
  version "16.13.1"
  resolved "https://registry.yarnpkg.com/react-is/-/react-is-16.13.1.tgz#789729a4dc36de2999dc156dd6c1d9c18cea56a4"
  integrity sha512-24e6ynE2H+OKt4kqsOvNd8kBpV65zoxbA4BVsEOB3ARVWQki/DHzaUoC5KuON/BiccDaCCTZBuOcfZs70kR8bQ==

react-jss@^10.6.0:
  version "10.6.0"
  resolved "https://registry.yarnpkg.com/react-jss/-/react-jss-10.6.0.tgz#3d1538d085c55f7b0bc3607a61943f588e56f0f6"
  integrity sha512-uCvOHMoQrB+cD8l6K6+gIStqBhTyjPM/55sXHfujlr0E4GclQg0ZR26nyGyh7XB+v9a2FfMp6Y4L2Bc1Z+L1oQ==
  dependencies:
    "@babel/runtime" "^7.3.1"
    "@emotion/is-prop-valid" "^0.7.3"
    css-jss "10.6.0"
    hoist-non-react-statics "^3.2.0"
    is-in-browser "^1.1.3"
    jss "10.6.0"
    jss-preset-default "10.6.0"
    prop-types "^15.6.0"
    shallow-equal "^1.2.0"
    theming "^3.3.0"
    tiny-warning "^1.0.2"

react-refresh@^0.9.0:
  version "0.9.0"
  resolved "https://registry.yarnpkg.com/react-refresh/-/react-refresh-0.9.0.tgz#71863337adc3e5c2f8a6bfddd12ae3bfe32aafbf"
  integrity sha512-Gvzk7OZpiqKSkxsQvO/mbTN1poglhmAV7gR/DdIrRrSMXraRQQlfikRJOr3Nb9GTMPC5kof948Zy6jJZIFtDvQ==

react-textarea-autosize@^8.3.2:
  version "8.3.3"
  resolved "https://registry.yarnpkg.com/react-textarea-autosize/-/react-textarea-autosize-8.3.3.tgz#f70913945369da453fd554c168f6baacd1fa04d8"
  integrity sha512-2XlHXK2TDxS6vbQaoPbMOfQ8GK7+irc2fVK6QFIcC8GOnH3zI/v481n+j1L0WaPVvKxwesnY93fEfH++sus2rQ==
  dependencies:
    "@babel/runtime" "^7.10.2"
    use-composed-ref "^1.0.0"
    use-latest "^1.0.0"

react-transition-group@^4.4.2:
  version "4.4.2"
  resolved "https://registry.yarnpkg.com/react-transition-group/-/react-transition-group-4.4.2.tgz#8b59a56f09ced7b55cbd53c36768b922890d5470"
  integrity sha512-/RNYfRAMlZwDSr6z4zNKV6xu53/e2BuaBbGhbyYIXTrmgu/bGHzmqOs7mJSJBHy9Ud+ApHx3QjrkKSp1pxvlFg==
  dependencies:
    "@babel/runtime" "^7.5.5"
    dom-helpers "^5.0.1"
    loose-envify "^1.4.0"
    prop-types "^15.6.2"

react@^17.0.0:
  version "17.0.2"
  resolved "https://registry.yarnpkg.com/react/-/react-17.0.2.tgz#d0b5cc516d29eb3eee383f75b62864cfb6800037"
  integrity sha512-gnhPt75i/dq/z3/6q/0asP78D0u592D5L1pd7M8P+dck6Fu/jJeL6iVVK23fptSUZj8Vjf++7wXA8UNclGQcbA==
  dependencies:
    loose-envify "^1.1.0"
    object-assign "^4.1.1"

regenerator-runtime@^0.13.4:
  version "0.13.7"
  resolved "https://registry.yarnpkg.com/regenerator-runtime/-/regenerator-runtime-0.13.7.tgz#cac2dacc8a1ea675feaabaeb8ae833898ae46f55"
  integrity sha512-a54FxoJDIr27pgf7IgeQGxmqUNYrcV338lf/6gH456HZ/PhX+5BcwHXG9ajESmwe6WRO0tAzRUrRmNONWgkrew==

resolve@^1.19.0:
  version "1.20.0"
  resolved "https://registry.yarnpkg.com/resolve/-/resolve-1.20.0.tgz#629a013fb3f70755d6f0b7935cc1c2c5378b1975"
  integrity sha512-wENBPt4ySzg4ybFQW2TT1zMQucPK95HSh/nq2CFTZVOGut2+pQvSsgtda4d26YrYcr067wjbmzOG8byDPBX63A==
  dependencies:
    is-core-module "^2.2.0"
    path-parse "^1.0.6"

rollup@^2.38.5:
  version "2.50.6"
  resolved "https://registry.yarnpkg.com/rollup/-/rollup-2.50.6.tgz#24e2211caf9031081656e98a5e5e94d3b5e786e2"
  integrity sha512-6c5CJPLVgo0iNaZWWliNu1Kl43tjP9LZcp6D/tkf2eLH2a9/WeHxg9vfTFl8QV/2SOyaJX37CEm9XuGM0rviUg==
  optionalDependencies:
    fsevents "~2.3.1"

safe-buffer@~5.1.1:
  version "5.1.2"
  resolved "https://registry.yarnpkg.com/safe-buffer/-/safe-buffer-5.1.2.tgz#991ec69d296e0313747d59bdfd2b745c35f8828d"
  integrity sha512-Gd2UZBJDkXlY7GbJxfsE8/nvKkUEU1G38c1siN6QP6a9PT9MmHB8GnpscSmMJSoF8LOIrt8ud/wPtojys4G6+g==

scheduler@^0.20.2:
  version "0.20.2"
  resolved "https://registry.yarnpkg.com/scheduler/-/scheduler-0.20.2.tgz#4baee39436e34aa93b4874bddcbf0fe8b8b50e91"
  integrity sha512-2eWfGgAqqWFGqtdMmcL5zCMK1U8KlXv8SQFGglL3CEtd0aDVDWgeF/YoCmvln55m5zSk3J/20hTaSBeSObsQDQ==
  dependencies:
    loose-envify "^1.1.0"
    object-assign "^4.1.1"

semver@^6.3.0:
  version "6.3.0"
  resolved "https://registry.yarnpkg.com/semver/-/semver-6.3.0.tgz#ee0a64c8af5e8ceea67687b133761e1becbd1d3d"
  integrity sha512-b39TBaTSfV6yBrapU89p5fKekE2m/NwnDocOVruQFS1/veMgdzuPcnOM34M6CwxW8jH/lxEa5rBoDeUwu5HHTw==

shallow-equal@^1.2.0:
  version "1.2.1"
  resolved "https://registry.yarnpkg.com/shallow-equal/-/shallow-equal-1.2.1.tgz#4c16abfa56043aa20d050324efa68940b0da79da"
  integrity sha512-S4vJDjHHMBaiZuT9NPb616CSmLf618jawtv3sufLl6ivK8WocjAo58cXwbRV1cgqxH0Qbv+iUt6m05eqEa2IRA==

source-map-js@^0.6.2:
  version "0.6.2"
  resolved "https://registry.yarnpkg.com/source-map-js/-/source-map-js-0.6.2.tgz#0bb5de631b41cfbda6cfba8bd05a80efdfd2385e"
  integrity sha512-/3GptzWzu0+0MBQFrDKzw/DvvMTUORvgY6k6jd/VS6iCR4RDTKWH6v6WPwQoUO8667uQEf9Oe38DxAYWY5F/Ug==

source-map@^0.5.0:
  version "0.5.7"
  resolved "https://registry.yarnpkg.com/source-map/-/source-map-0.5.7.tgz#8a039d2d1021d22d1ea14c80d8ea468ba2ef3fcc"
  integrity sha1-igOdLRAh0i0eoUyA2OpGi6LvP8w=

supports-color@^5.3.0:
  version "5.5.0"
  resolved "https://registry.yarnpkg.com/supports-color/-/supports-color-5.5.0.tgz#e2e69a44ac8772f78a1ec0b35b689df6530efc8f"
  integrity sha512-QjVjwdXIt408MIiAqCX4oUKsgU2EqAGzs2Ppkm4aQYbjm+ZEWEcW4SfFNTr4uMNZma0ey4f5lgLrkB0aX0QMow==
  dependencies:
    has-flag "^3.0.0"

symbol-observable@1.2.0, symbol-observable@^1.2.0:
  version "1.2.0"
  resolved "https://registry.yarnpkg.com/symbol-observable/-/symbol-observable-1.2.0.tgz#c22688aed4eab3cdc2dfeacbb561660560a00804"
  integrity sha512-e900nM8RRtGhlV36KGEU9k65K3mPb1WV70OdjfxlG2EAuM1noi/E/BaW/uMhL7bPEssK8QV57vN3esixjUvcXQ==

theming@^3.3.0:
  version "3.3.0"
  resolved "https://registry.yarnpkg.com/theming/-/theming-3.3.0.tgz#dacabf04aa689edde35f1e1c117ec6de73fbf870"
  integrity sha512-u6l4qTJRDaWZsqa8JugaNt7Xd8PPl9+gonZaIe28vAhqgHMIG/DOyFPqiKN/gQLQYj05tHv+YQdNILL4zoiAVA==
  dependencies:
    hoist-non-react-statics "^3.3.0"
    prop-types "^15.5.8"
    react-display-name "^0.2.4"
    tiny-warning "^1.0.2"

tiny-warning@^1.0.2:
  version "1.0.3"
  resolved "https://registry.yarnpkg.com/tiny-warning/-/tiny-warning-1.0.3.tgz#94a30db453df4c643d0fd566060d60a875d84754"
  integrity sha512-lBN9zLN/oAf68o3zNXYrdCt1kP8WsiGW8Oo2ka41b2IM5JL/S1CTyX1rW0mb/zSuJun0ZUrDxx4sqvYS2FWzPA==

to-fast-properties@^2.0.0:
  version "2.0.0"
  resolved "https://registry.yarnpkg.com/to-fast-properties/-/to-fast-properties-2.0.0.tgz#dc5e698cbd079265bc73e0377681a4e4e83f616e"
  integrity sha1-3F5pjL0HkmW8c+A3doGk5Og/YW4=

ts-essentials@^2.0.3:
  version "2.0.12"
  resolved "https://registry.yarnpkg.com/ts-essentials/-/ts-essentials-2.0.12.tgz#c9303f3d74f75fa7528c3d49b80e089ab09d8745"
  integrity sha512-3IVX4nI6B5cc31/GFFE+i8ey/N2eA0CZDbo6n0yrz0zDX8ZJ8djmU1p+XRz7G3is0F3bB3pu2pAroFdAWQKU3w==

typescript@^4.1.2:
  version "4.3.2"
  resolved "https://registry.yarnpkg.com/typescript/-/typescript-4.3.2.tgz#399ab18aac45802d6f2498de5054fcbbe716a805"
  integrity sha512-zZ4hShnmnoVnAHpVHWpTcxdv7dWP60S2FsydQLV8V5PbS3FifjWFFRiHSWpDJahly88PRyV5teTSLoq4eG7mKw==

use-composed-ref@^1.0.0:
  version "1.1.0"
  resolved "https://registry.yarnpkg.com/use-composed-ref/-/use-composed-ref-1.1.0.tgz#9220e4e94a97b7b02d7d27eaeab0b37034438bbc"
  integrity sha512-my1lNHGWsSDAhhVAT4MKs6IjBUtG6ZG11uUqexPH9PptiIZDQOzaF4f5tEbJ2+7qvNbtXNBbU3SfmN+fXlWDhg==
  dependencies:
    ts-essentials "^2.0.3"

use-isomorphic-layout-effect@^1.0.0:
  version "1.1.1"
  resolved "https://registry.yarnpkg.com/use-isomorphic-layout-effect/-/use-isomorphic-layout-effect-1.1.1.tgz#7bb6589170cd2987a152042f9084f9effb75c225"
  integrity sha512-L7Evj8FGcwo/wpbv/qvSfrkHFtOpCzvM5yl2KVyDJoylVuSvzphiiasmjgQPttIGBAy2WKiBNR98q8w7PiNgKQ==

use-latest@^1.0.0:
  version "1.2.0"
  resolved "https://registry.yarnpkg.com/use-latest/-/use-latest-1.2.0.tgz#a44f6572b8288e0972ec411bdd0840ada366f232"
  integrity sha512-d2TEuG6nSLKQLAfW3By8mKr8HurOlTkul0sOpxbClIv4SQ4iOd7BYr7VIzdbktUCnv7dua/60xzd8igMU6jmyw==
  dependencies:
    use-isomorphic-layout-effect "^1.0.0"

vite@^2.3.5:
  version "2.3.6"
  resolved "https://registry.yarnpkg.com/vite/-/vite-2.3.6.tgz#1f7cfde88a51a802d69000c7bac85d481c2e871c"
  integrity sha512-fsEpNKDHgh3Sn66JH06ZnUBnIgUVUtw6ucDhlOj1CEqxIkymU25yv1/kWDPlIjyYHnalr0cN6V+zzUJ+fmWHYw==
  dependencies:
    esbuild "^0.12.5"
    postcss "^8.2.10"
    resolve "^1.19.0"
    rollup "^2.38.5"
  optionalDependencies:
    fsevents "~2.3.1"
